
Microsoft Visual Studio Solution File, Format Version 12.00
# Visual Studio 2015
Project("{FAE04EC0-301F-11D3-BF4B-00C04F79EFBC}") = "The Last Work", "The Last Work.csproj", "{CBC81F62-307C-67BC-392D-AA0EE3376B5A}"
EndProject
Project("{FAE04EC0-301F-11D3-BF4B-00C04F79EFBC}") = "The Last Work.Editor", "The Last Work.Editor.csproj", "{3A028656-78C0-5C71-A01F-4195F21AADE6}"
EndProject
Global
	GlobalSection(SolutionConfigurationPlatforms) = preSolution
		Debug|Any CPU = Debug|Any CPU
		Release|Any CPU = Release|Any CPU
	EndGlobalSection
	GlobalSection(ProjectConfigurationPlatforms) = postSolution
		{CBC81F62-307C-67BC-392D-AA0EE3376B5A}.Debug|Any CPU.ActiveCfg = Debug|Any CPU
		{CBC81F62-307C-67BC-392D-AA0EE3376B5A}.Debug|Any CPU.Build.0 = Debug|Any CPU
		{CBC81F62-307C-67BC-392D-AA0EE3376B5A}.Release|Any CPU.ActiveCfg = Release|Any CPU
		{CBC81F62-307C-67BC-392D-AA0EE3376B5A}.Release|Any CPU.Build.0 = Release|Any CPU
		{3A028656-78C0-5C71-A01F-4195F21AADE6}.Debug|Any CPU.ActiveCfg = Debug|Any CPU
		{3A028656-78C0-5C71-A01F-4195F21AADE6}.Debug|Any CPU.Build.0 = Debug|Any CPU
		{3A028656-78C0-5C71-A01F-4195F21AADE6}.Release|Any CPU.ActiveCfg = Release|Any CPU
		{3A028656-78C0-5C71-A01F-4195F21AADE6}.Release|Any CPU.Build.0 = Release|Any CPU
	EndGlobalSection
	GlobalSection(SolutionProperties) = preSolution
		HideSolutionNode = FALSE
	EndGlobalSection
EndGlobal
